
Microsoft Visual Studio Solution File, Format Version 12.00
# Visual Studio Version 17
VisualStudioVersion = 17.8.34330.188
MinimumVisualStudioVersion = 10.0.40219.1
Project("{D2ABAB84-BF74-430A-B69E-9DC6D40DDA17}") = "SSAS_Games_New", "SSAS_Games_New\SSAS_Games_New.dwproj", "{5E126E14-CA18-43CC-9C4C-145FC1AA713E}"
EndProject
Global
	GlobalSection(SolutionConfigurationPlatforms) = preSolution
		Development|Default = Development|Default
	EndGlobalSection
	GlobalSection(ProjectConfigurationPlatforms) = postSolution
		{5E126E14-CA18-43CC-9C4C-145FC1AA713E}.Development|Default.ActiveCfg = Development
		{5E126E14-CA18-43CC-9C4C-145FC1AA713E}.Development|Default.Build.0 = Development
		{5E126E14-CA18-43CC-9C4C-145FC1AA713E}.Development|Default.Deploy.0 = Development
	EndGlobalSection
	GlobalSection(SolutionProperties) = preSolution
		HideSolutionNode = FALSE
	EndGlobalSection
	GlobalSection(ExtensibilityGlobals) = postSolution
		SolutionGuid = {D5508C3E-3894-4A62-B216-F958D3547407}
	EndGlobalSection
EndGlobal
